// !$*UTF8*$!
{
	archiveVersion = 1;
	classes = {
	};
	objectVersion = 50;
	objects = {

/* Begin PBXBuildFile section */
		5A5DB210251ED47900493F48 /* AppDelegate.swift in Sources */ = {isa = PBXBuildFile; fileRef = 5A5DB20F251ED47900493F48 /* AppDelegate.swift */; };
		5A5DB212251ED47900493F48 /* SceneDelegate.swift in Sources */ = {isa = PBXBuildFile; fileRef = 5A5DB211251ED47900493F48 /* SceneDelegate.swift */; };
		5A5DB214251ED47900493F48 /* ViewController.swift in Sources */ = {isa = PBXBuildFile; fileRef = 5A5DB213251ED47900493F48 /* ViewController.swift */; };
		5A5DB217251ED47900493F48 /* Main.storyboard in Resources */ = {isa = PBXBuildFile; fileRef = 5A5DB215251ED47900493F48 /* Main.storyboard */; };
		5A5DB219251ED47A00493F48 /* Assets.xcassets in Resources */ = {isa = PBXBuildFile; fileRef = 5A5DB218251ED47A00493F48 /* Assets.xcassets */; };
		5A5DB21C251ED47A00493F48 /* LaunchScreen.storyboard in Resources */ = {isa = PBXBuildFile; fileRef = 5A5DB21A251ED47A00493F48 /* LaunchScreen.storyboard */; };
		5A5DB227251ED47A00493F48 /* FlixitTests.swift in Sources */ = {isa = PBXBuildFile; fileRef = 5A5DB226251ED47A00493F48 /* FlixitTests.swift */; };
		5A5DB232251ED47A00493F48 /* FlixitUITests.swift in Sources */ = {isa = PBXBuildFile; fileRef = 5A5DB231251ED47A00493F48 /* FlixitUITests.swift */; };
/* End PBXBuildFile section */

/* Begin PBXContainerItemProxy section */
		5A5DB223251ED47A00493F48 /* PBXContainerItemProxy */ = {
			isa = PBXContainerItemProxy;
			containerPortal = 5A5DB204251ED47800493F48 /* Project object */;
			proxyType = 1;
			remoteGlobalIDString = 5A5DB20B251ED47900493F48;
			remoteInfo = Flixit;
		};
		5A5DB22E251ED47A00493F48 /* PBXContainerItemProxy */ = {
			isa = PBXContainerItemProxy;
			containerPortal = 5A5DB204251ED47800493F48 /* Project object */;
			proxyType = 1;
			remoteGlobalIDString = 5A5DB20B251ED47900493F48;
			remoteInfo = Flixit;
		};
/* End PBXContainerItemProxy section */

/* Begin PBXFileReference section */
		5A5DB20C251ED47900493F48 /* Flixit.app */ = {isa = PBXFileReference; explicitFileType = wrapper.application; includeInIndex = 0; path = Flixit.app; sourceTree = BUILT_PRODUCTS_DIR; };
		5A5DB20F251ED47900493F48 /* AppDelegate.swift */ = {isa = PBXFileReference; lastKnownFileType = sourcecode.swift; path = AppDelegate.swift; sourceTree = "<group>"; };
		5A5DB211251ED47900493F48 /* SceneDelegate.swift */ = {isa = PBXFileReference; lastKnownFileType = sourcecode.swift; path = SceneDelegate.swift; sourceTree = "<group>"; };
		5A5DB213251ED47900493F48 /* ViewController.swift */ = {isa = PBXFileReference; lastKnownFileType = sourcecode.swift; path = ViewController.swift; sourceTree = "<group>"; };
		5A5DB216251ED47900493F48 /* Base */ = {isa = PBXFileReference; lastKnownFileType = file.storyboard; name = Base; path = Base.lproj/Main.storyboard; sourceTree = "<group>"; };
		5A5DB218251ED47A00493F48 /* Assets.xcassets */ = {isa = PBXFileReference; lastKnownFileType = folder.assetcatalog; path = Assets.xcassets; sourceTree = "<group>"; };
		5A5DB21B251ED47A00493F48 /* Base */ = {isa = PBXFileReference; lastKnownFileType = file.storyboard; name = Base; path = Base.lproj/LaunchScreen.storyboard; sourceTree = "<group>"; };
		5A5DB21D251ED47A00493F48 /* Info.plist */ = {isa = PBXFileReference; lastKnownFileType = text.plist.xml; path = Info.plist; sourceTree = "<group>"; };
		5A5DB222251ED47A00493F48 /* FlixitTests.xctest */ = {isa = PBXFileReference; explicitFileType = wrapper.cfbundle; includeInIndex = 0; path = FlixitTests.xctest; sourceTree = BUILT_PRODUCTS_DIR; };
		5A5DB226251ED47A00493F48 /* FlixitTests.swift */ = {isa = PBXFileReference; lastKnownFileType = sourcecode.swift; path = FlixitTests.swift; sourceTree = "<group>"; };
		5A5DB228251ED47A00493F48 /* Info.plist */ = {isa = PBXFileReference; lastKnownFileType = text.plist.xml; path = Info.plist; sourceTree = "<group>"; };
		5A5DB22D251ED47A00493F48 /* FlixitUITests.xctest */ = {isa = PBXFileReference; explicitFileType = wrapper.cfbundle; includeInIndex = 0; path = FlixitUITests.xctest; sourceTree = BUILT_PRODUCTS_DIR; };
		5A5DB231251ED47A00493F48 /* FlixitUITests.swift */ = {isa = PBXFileReference; lastKnownFileType = sourcecode.swift; path = FlixitUITests.swift; sourceTree = "<group>"; };
		5A5DB233251ED47A00493F48 /* Info.plist */ = {isa = PBXFileReference; lastKnownFileType = text.plist.xml; path = Info.plist; sourceTree = "<group>"; };
/* End PBXFileReference section */

/* Begin PBXFrameworksBuildPhase section */
		5A5DB209251ED47900493F48 /* Frameworks */ = {
			isa = PBXFrameworksBuildPhase;
			buildActionMask = 2147483647;
			files = (
			);
			runOnlyForDeploymentPostprocessing = 0;
		};
		5A5DB21F251ED47A00493F48 /* Frameworks */ = {
			isa = PBXFrameworksBuildPhase;
			buildActionMask = 2147483647;
			files = (
			);
			runOnlyForDeploymentPostprocessing = 0;
		};
		5A5DB22A251ED47A00493F48 /* Frameworks */ = {
			isa = PBXFrameworksBuildPhase;
			buildActionMask = 2147483647;
			files = (
			);
			runOnlyForDeploymentPostprocessing = 0;
		};
/* End PBXFrameworksBuildPhase section */

/* Begin PBXGroup section */
		5A5DB203251ED47800493F48 = {
			isa = PBXGroup;
			children = (
				5A5DB20E251ED47900493F48 /* Flixit */,
				5A5DB225251ED47A00493F48 /* FlixitTests */,
				5A5DB230251ED47A00493F48 /* FlixitUITests */,
				5A5DB20D251ED47900493F48 /* Products */,
			);
			sourceTree = "<group>";
		};
		5A5DB20D251ED47900493F48 /* Products */ = {
			isa = PBXGroup;
			children = (
				5A5DB20C251ED47900493F48 /* Flixit.app */,
				5A5DB222251ED47A00493F48 /* FlixitTests.xctest */,
				5A5DB22D251ED47A00493F48 /* FlixitUITests.xctest */,
			);
			name = Products;
			sourceTree = "<group>";
		};
		5A5DB20E251ED47900493F48 /* Flixit */ = {
			isa = PBXGroup;
			children = (
				5A5DB20F251ED47900493F48 /* AppDelegate.swift */,
				5A5DB211251ED47900493F48 /* SceneDelegate.swift */,
				5A5DB213251ED47900493F48 /* ViewController.swift */,
				5A5DB215251ED47900493F48 /* Main.storyboard */,
				5A5DB218251ED47A00493F48 /* Assets.xcassets */,
				5A5DB21A251ED47A00493F48 /* LaunchScreen.storyboard */,
				5A5DB21D251ED47A00493F48 /* Info.plist */,
			);
			path = Flixit;
			sourceTree = "<group>";
		};
		5A5DB225251ED47A00493F48 /* FlixitTests */ = {
			isa = PBXGroup;
			children = (
				5A5DB226251ED47A00493F48 /* FlixitTests.swift */,
				5A5DB228251ED47A00493F48 /* Info.plist */,
			);
			path = FlixitTests;
			sourceTree = "<group>";
		};
		5A5DB230251ED47A00493F48 /* FlixitUITests */ = {
			isa = PBXGroup;
			children = (
				5A5DB231251ED47A00493F48 /* FlixitUITests.swift */,
				5A5DB233251ED47A00493F48 /* Info.plist */,
			);
			path = FlixitUITests;
			sourceTree = "<group>";
		};
/* End PBXGroup section */

/* Begin PBXNativeTarget section */
		5A5DB20B251ED47900493F48 /* Flixit */ = {
			isa = PBXNativeTarget;
			buildConfigurationList = 5A5DB236251ED47A00493F48 /* Build configuration list for PBXNativeTarget "Flixit" */;
			buildPhases = (
				5A5DB208251ED47900493F48 /* Sources */,
				5A5DB209251ED47900493F48 /* Frameworks */,
				5A5DB20A251ED47900493F48 /* Resources */,
			);
			buildRules = (
			);
			dependencies = (
			);
			name = Flixit;
			productName = Flixit;
			productReference = 5A5DB20C251ED47900493F48 /* Flixit.app */;
			productType = "com.apple.product-type.application";
		};
		5A5DB221251ED47A00493F48 /* FlixitTests */ = {
			isa = PBXNativeTarget;
			buildConfigurationList = 5A5DB239251ED47A00493F48 /* Build configuration list for PBXNativeTarget "FlixitTests" */;
			buildPhases = (
				5A5DB21E251ED47A00493F48 /* Sources */,
				5A5DB21F251ED47A00493F48 /* Frameworks */,
				5A5DB220251ED47A00493F48 /* Resources */,
			);
			buildRules = (
			);
			dependencies = (
				5A5DB224251ED47A00493F48 /* PBXTargetDependency */,
			);
			name = FlixitTests;
			productName = FlixitTests;
			productReference = 5A5DB222251ED47A00493F48 /* FlixitTests.xctest */;
			productType = "com.apple.product-type.bundle.unit-test";
		};
		5A5DB22C251ED47A00493F48 /* FlixitUITests */ = {
			isa = PBXNativeTarget;
			buildConfigurationList = 5A5DB23C251ED47A00493F48 /* Build configuration list for PBXNativeTarget "FlixitUITests" */;
			buildPhases = (
				5A5DB229251ED47A00493F48 /* Sources */,
				5A5DB22A251ED47A00493F48 /* Frameworks */,
				5A5DB22B251ED47A00493F48 /* Resources */,
			);
			buildRules = (
			);
			dependencies = (
				5A5DB22F251ED47A00493F48 /* PBXTargetDependency */,
			);
			name = FlixitUITests;
			productName = FlixitUITests;
			productReference = 5A5DB22D251ED47A00493F48 /* FlixitUITests.xctest */;
			productType = "com.apple.product-type.bundle.ui-testing";
		};
/* End PBXNativeTarget section */

/* Begin PBXProject section */
		5A5DB204251ED47800493F48 /* Project object */ = {
			isa = PBXProject;
			attributes = {
				LastSwiftUpdateCheck = 1200;
				LastUpgradeCheck = 1200;
				TargetAttributes = {
					5A5DB20B251ED47900493F48 = {
						CreatedOnToolsVersion = 12.0;
					};
					5A5DB221251ED47A00493F48 = {
						CreatedOnToolsVersion = 12.0;
						TestTargetID = 5A5DB20B251ED47900493F48;
					};
					5A5DB22C251ED47A00493F48 = {
						CreatedOnToolsVersion = 12.0;
						TestTargetID = 5A5DB20B251ED47900493F48;
					};
				};
			};
			buildConfigurationList = 5A5DB207251ED47800493F48 /* Build configuration list for PBXProject "Flixit" */;
			compatibilityVersion = "Xcode 9.3";
			developmentRegion = en;
			hasScannedForEncodings = 0;
			knownRegions = (
				en,
				Base,
			);
			mainGroup = 5A5DB203251ED47800493F48;
			productRefGroup = 5A5DB20D251ED47900493F48 /* Products */;
			projectDirPath = "";
			projectRoot = "";
			targets = (
				5A5DB20B251ED47900493F48 /* Flixit */,
				5A5DB221251ED47A00493F48 /* FlixitTests */,
				5A5DB22C251ED47A00493F48 /* FlixitUITests */,
			);
		};
/* End PBXProject section */

/* Begin PBXResourcesBuildPhase section */
		5A5DB20A251ED47900493F48 /* Resources */ = {
			isa = PBXResourcesBuildPhase;
			buildActionMask = 2147483647;
			files = (
				5A5DB21C251ED47A00493F48 /* LaunchScreen.storyboard in Resources */,
				5A5DB219251ED47A00493F48 /* Assets.xcassets in Resources */,
				5A5DB217251ED47900493F48 /* Main.storyboard in Resources */,
			);
			runOnlyForDeploymentPostprocessing = 0;
		};
		5A5DB220251ED47A00493F48 /* Resources */ = {
			isa = PBXResourcesBuildPhase;
			buildActionMask = 2147483647;
			files = (
			);
			runOnlyForDeploymentPostprocessing = 0;
		};
		5A5DB22B251ED47A00493F48 /* Resources */ = {
			isa = PBXResourcesBuildPhase;
			buildActionMask = 2147483647;
			files = (
			);
			runOnlyForDeploymentPostprocessing = 0;
		};
/* End PBXResourcesBuildPhase section */

/* Begin PBXSourcesBuildPhase section */
		5A5DB208251ED47900493F48 /* Sources */ = {
			isa = PBXSourcesBuildPhase;
			buildActionMask = 2147483647;
			files = (
				5A5DB214251ED47900493F48 /* ViewController.swift in Sources */,
				5A5DB210251ED47900493F48 /* AppDelegate.swift in Sources */,
				5A5DB212251ED47900493F48 /* SceneDelegate.swift in Sources */,
			);
			runOnlyForDeploymentPostprocessing = 0;
		};
		5A5DB21E251ED47A00493F48 /* Sources */ = {
			isa = PBXSourcesBuildPhase;
			buildActionMask = 2147483647;
			files = (
				5A5DB227251ED47A00493F48 /* FlixitTests.swift in Sources */,
			);
			runOnlyForDeploymentPostprocessing = 0;
		};
		5A5DB229251ED47A00493F48 /* Sources */ = {
			isa = PBXSourcesBuildPhase;
			buildActionMask = 2147483647;
			files = (
				5A5DB232251ED47A00493F48 /* FlixitUITests.swift in Sources */,
			);
			runOnlyForDeploymentPostprocessing = 0;
		};
/* End PBXSourcesBuildPhase section */

/* Begin PBXTargetDependency section */
		5A5DB224251ED47A00493F48 /* PBXTargetDependency */ = {
			isa = PBXTargetDependency;
			target = 5A5DB20B251ED47900493F48 /* Flixit */;
			targetProxy = 5A5DB223251ED47A00493F48 /* PBXContainerItemProxy */;
		};
		5A5DB22F251ED47A00493F48 /* PBXTargetDependency */ = {
			isa = PBXTargetDependency;
			target = 5A5DB20B251ED47900493F48 /* Flixit */;
			targetProxy = 5A5DB22E251ED47A00493F48 /* PBXContainerItemProxy */;
		};
/* End PBXTargetDependency section */

/* Begin PBXVariantGroup section */
		5A5DB215251ED47900493F48 /* Main.storyboard */ = {
			isa = PBXVariantGroup;
			children = (
				5A5DB216251ED47900493F48 /* Base */,
			);
			name = Main.storyboard;
			sourceTree = "<group>";
		};
		5A5DB21A251ED47A00493F48 /* LaunchScreen.storyboard */ = {
			isa = PBXVariantGroup;
			children = (
				5A5DB21B251ED47A00493F48 /* Base */,
			);
			name = LaunchScreen.storyboard;
			sourceTree = "<group>";
		};
/* End PBXVariantGroup section */

/* Begin XCBuildConfiguration section */
		5A5DB234251ED47A00493F48 /* Debug */ = {
			isa = XCBuildConfiguration;
			buildSettings = {
				ALWAYS_SEARCH_USER_PATHS = NO;
				CLANG_ANALYZER_NONNULL = YES;
				CLANG_ANALYZER_NUMBER_OBJECT_CONVERSION = YES_AGGRESSIVE;
				CLANG_CXX_LANGUAGE_STANDARD = "gnu++14";
				CLANG_CXX_LIBRARY = "libc++";
				CLANG_ENABLE_MODULES = YES;
				CLANG_ENABLE_OBJC_ARC = YES;
				CLANG_ENABLE_OBJC_WEAK = YES;
				CLANG_WARN_BLOCK_CAPTURE_AUTORELEASING = YES;
				CLANG_WARN_BOOL_CONVERSION = YES;
				CLANG_WARN_COMMA = YES;
				CLANG_WARN_CONSTANT_CONVERSION = YES;
				CLANG_WARN_DEPRECATED_OBJC_IMPLEMENTATIONS = YES;
				CLANG_WARN_DIRECT_OBJC_ISA_USAGE = YES_ERROR;
				CLANG_WARN_DOCUMENTATION_COMMENTS = YES;
				CLANG_WARN_EMPTY_BODY = YES;
				CLANG_WARN_ENUM_CONVERSION = YES;
				CLANG_WARN_INFINITE_RECURSION = YES;
				CLANG_WARN_INT_CONVERSION = YES;
				CLANG_WARN_NON_LITERAL_NULL_CONVERSION = YES;
				CLANG_WARN_OBJC_IMPLICIT_RETAIN_SELF = YES;
				CLANG_WARN_OBJC_LITERAL_CONVERSION = YES;
				CLANG_WARN_OBJC_ROOT_CLASS = YES_ERROR;
				CLANG_WARN_QUOTED_INCLUDE_IN_FRAMEWORK_HEADER = YES;
				CLANG_WARN_RANGE_LOOP_ANALYSIS = YES;
				CLANG_WARN_STRICT_PROTOTYPES = YES;
				CLANG_WARN_SUSPICIOUS_MOVE = YES;
				CLANG_WARN_UNGUARDED_AVAILABILITY = YES_AGGRESSIVE;
				CLANG_WARN_UNREACHABLE_CODE = YES;
				CLANG_WARN__DUPLICATE_METHOD_MATCH = YES;
				COPY_PHASE_STRIP = NO;
				DEBUG_INFORMATION_FORMAT = dwarf;
				ENABLE_STRICT_OBJC_MSGSEND = YES;
				ENABLE_TESTABILITY = YES;
				GCC_C_LANGUAGE_STANDARD = gnu11;
				GCC_DYNAMIC_NO_PIC = NO;
				GCC_NO_COMMON_BLOCKS = YES;
				GCC_OPTIMIZATION_LEVEL = 0;
				GCC_PREPROCESSOR_DEFINITIONS = (
					"DEBUG=1",
					"$(inherited)",
				);
				GCC_WARN_64_TO_32_BIT_CONVERSION = YES;
				GCC_WARN_ABOUT_RETURN_TYPE = YES_ERROR;
				GCC_WARN_UNDECLARED_SELECTOR = YES;
				GCC_WARN_UNINITIALIZED_AUTOS = YES_AGGRESSIVE;
				GCC_WARN_UNUSED_FUNCTION = YES;
				GCC_WARN_UNUSED_VARIABLE = YES;
				IPHONEOS_DEPLOYMENT_TARGET = 14.0;
				MTL_ENABLE_DEBUG_INFO = INCLUDE_SOURCE;
				MTL_FAST_MATH = YES;
				ONLY_ACTIVE_ARCH = YES;
				SDKROOT = iphoneos;
				SWIFT_ACTIVE_COMPILATION_CONDITIONS = DEBUG;
				SWIFT_OPTIMIZATION_LEVEL = "-Onone";
			};
			name = Debug;
		};
		5A5DB235251ED47A00493F48 /* Release */ = {
			isa = XCBuildConfiguration;
			buildSettings = {
				ALWAYS_SEARCH_USER_PATHS = NO;
				CLANG_ANALYZER_NONNULL = YES;
				CLANG_ANALYZER_NUMBER_OBJECT_CONVERSION = YES_AGGRESSIVE;
				CLANG_CXX_LANGUAGE_STANDARD = "gnu++14";
				CLANG_CXX_LIBRARY = "libc++";
				CLANG_ENABLE_MODULES = YES;
				CLANG_ENABLE_OBJC_ARC = YES;
				CLANG_ENABLE_OBJC_WEAK = YES;
				CLANG_WARN_BLOCK_CAPTURE_AUTORELEASING = YES;
				CLANG_WARN_BOOL_CONVERSION = YES;
				CLANG_WARN_COMMA = YES;
				CLANG_WARN_CONSTANT_CONVERSION = YES;
				CLANG_WARN_DEPRECATED_OBJC_IMPLEMENTATIONS = YES;
				CLANG_WARN_DIRECT_OBJC_ISA_USAGE = YES_ERROR;
				CLANG_WARN_DOCUMENTATION_COMMENTS = YES;
				CLANG_WARN_EMPTY_BODY = YES;
				CLANG_WARN_ENUM_CONVERSION = YES;
				CLANG_WARN_INFINITE_RECURSION = YES;
				CLANG_WARN_INT_CONVERSION = YES;
				CLANG_WARN_NON_LITERAL_NULL_CONVERSION = YES;
				CLANG_WARN_OBJC_IMPLICIT_RETAIN_SELF = YES;
				CLANG_WARN_OBJC_LITERAL_CONVERSION = YES;
				CLANG_WARN_OBJC_ROOT_CLASS = YES_ERROR;
				CLANG_WARN_QUOTED_INCLUDE_IN_FRAMEWORK_HEADER = YES;
				CLANG_WARN_RANGE_LOOP_ANALYSIS = YES;
				CLANG_WARN_STRICT_PROTOTYPES = YES;
				CLANG_WARN_SUSPICIOUS_MOVE = YES;
				CLANG_WARN_UNGUARDED_AVAILABILITY = YES_AGGRESSIVE;
				CLANG_WARN_UNREACHABLE_CODE = YES;
				CLANG_WARN__DUPLICATE_METHOD_MATCH = YES;
				COPY_PHASE_STRIP = NO;
				DEBUG_INFORMATION_FORMAT = "dwarf-with-dsym";
				ENABLE_NS_ASSERTIONS = NO;
				ENABLE_STRICT_OBJC_MSGSEND = YES;
				GCC_C_LANGUAGE_STANDARD = gnu11;
				GCC_NO_COMMON_BLOCKS = YES;
				GCC_WARN_64_TO_32_BIT_CONVERSION = YES;
				GCC_WARN_ABOUT_RETURN_TYPE = YES_ERROR;
				GCC_WARN_UNDECLARED_SELECTOR = YES;
				GCC_WARN_UNINITIALIZED_AUTOS = YES_AGGRESSIVE;
				GCC_WARN_UNUSED_FUNCTION = YES;
				GCC_WARN_UNUSED_VARIABLE = YES;
				IPHONEOS_DEPLOYMENT_TARGET = 14.0;
				MTL_ENABLE_DEBUG_INFO = NO;
				MTL_FAST_MATH = YES;
				SDKROOT = iphoneos;
				SWIFT_COMPILATION_MODE = wholemodule;
				SWIFT_OPTIMIZATION_LEVEL = "-O";
				VALIDATE_PRODUCT = YES;
			};
			name = Release;
		};
		5A5DB237251ED47A00493F48 /* Debug */ = {
			isa = XCBuildConfiguration;
			buildSettings = {
				ASSETCATALOG_COMPILER_APPICON_NAME = AppIcon;
				ASSETCATALOG_COMPILER_GLOBAL_ACCENT_COLOR_NAME = AccentColor;
				CODE_SIGN_STYLE = Automatic;
				INFOPLIST_FILE = Flixit/Info.plist;
				LD_RUNPATH_SEARCH_PATHS = (
					"$(inherited)",
					"@executable_path/Frameworks",
				);
				PRODUCT_BUNDLE_IDENTIFIER = Codepath.Flixit;
				PRODUCT_NAME = "$(TARGET_NAME)";
				SWIFT_VERSION = 5.0;
				TARGETED_DEVICE_FAMILY = "1,2";
			};
			name = Debug;
		};
		5A5DB238251ED47A00493F48 /* Release */ = {
			isa = XCBuildConfiguration;
			buildSettings = {
				ASSETCATALOG_COMPILER_APPICON_NAME = AppIcon;
				ASSETCATALOG_COMPILER_GLOBAL_ACCENT_COLOR_NAME = AccentColor;
				CODE_SIGN_STYLE = Automatic;
				INFOPLIST_FILE = Flixit/Info.plist;
				LD_RUNPATH_SEARCH_PATHS = (
					"$(inherited)",
					"@executable_path/Frameworks",
				);
				PRODUCT_BUNDLE_IDENTIFIER = Codepath.Flixit;
				PRODUCT_NAME = "$(TARGET_NAME)";
				SWIFT_VERSION = 5.0;
				TARGETED_DEVICE_FAMILY = "1,2";
			};
			name = Release;
		};
		5A5DB23A251ED47A00493F48 /* Debug */ = {
			isa = XCBuildConfiguration;
			buildSettings = {
				ALWAYS_EMBED_SWIFT_STANDARD_LIBRARIES = YES;
				BUNDLE_LOADER = "$(TEST_HOST)";
				CODE_SIGN_STYLE = Automatic;
				INFOPLIST_FILE = FlixitTests/Info.plist;
				IPHONEOS_DEPLOYMENT_TARGET = 14.0;
				LD_RUNPATH_SEARCH_PATHS = (
					"$(inherited)",
					"@executable_path/Frameworks",
					"@loader_path/Frameworks",
				);
				PRODUCT_BUNDLE_IDENTIFIER = Codepath.FlixitTests;
				PRODUCT_NAME = "$(TARGET_NAME)";
				SWIFT_VERSION = 5.0;
				TARGETED_DEVICE_FAMILY = "1,2";
				TEST_HOST = "$(BUILT_PRODUCTS_DIR)/Flixit.app/Flixit";
			};
			name = Debug;
		};
		5A5DB23B251ED47A00493F48 /* Release */ = {
			isa = XCBuildConfiguration;
			buildSettings = {
				ALWAYS_EMBED_SWIFT_STANDARD_LIBRARIES = YES;
				BUNDLE_LOADER = "$(TEST_HOST)";
				CODE_SIGN_STYLE = Automatic;
				INFOPLIST_FILE = FlixitTests/Info.plist;
				IPHONEOS_DEPLOYMENT_TARGET = 14.0;
				LD_RUNPATH_SEARCH_PATHS = (
					"$(inherited)",
					"@executable_path/Frameworks",
					"@loader_path/Frameworks",
				);
				PRODUCT_BUNDLE_IDENTIFIER = Codepath.FlixitTests;
				PRODUCT_NAME = "$(TARGET_NAME)";
				SWIFT_VERSION = 5.0;
				TARGETED_DEVICE_FAMILY = "1,2";
				TEST_HOST = "$(BUILT_PRODUCTS_DIR)/Flixit.app/Flixit";
			};
			name = Release;
		};
		5A5DB23D251ED47A00493F48 /* Debug */ = {
			isa = XCBuildConfiguration;
			buildSettings = {
				ALWAYS_EMBED_SWIFT_STANDARD_LIBRARIES = YES;
				CODE_SIGN_STYLE = Automatic;
				INFOPLIST_FILE = FlixitUITests/Info.plist;
				LD_RUNPATH_SEARCH_PATHS = (
					"$(inherited)",
					"@executable_path/Frameworks",
					"@loader_path/Frameworks",
				);
				PRODUCT_BUNDLE_IDENTIFIER = Codepath.FlixitUITests;
				PRODUCT_NAME = "$(TARGET_NAME)";
				SWIFT_VERSION = 5.0;
				TARGETED_DEVICE_FAMILY = "1,2";
				TEST_TARGET_NAME = Flixit;
			};
			name = Debug;
		};
		5A5DB23E251ED47A00493F48 /* Release */ = {
			isa = XCBuildConfiguration;
			buildSettings = {
				ALWAYS_EMBED_SWIFT_STANDARD_LIBRARIES = YES;
				CODE_SIGN_STYLE = Automatic;
				INFOPLIST_FILE = FlixitUITests/Info.plist;
				LD_RUNPATH_SEARCH_PATHS = (
					"$(inherited)",
					"@executable_path/Frameworks",
					"@loader_path/Frameworks",
				);
				PRODUCT_BUNDLE_IDENTIFIER = Codepath.FlixitUITests;
				PRODUCT_NAME = "$(TARGET_NAME)";
				SWIFT_VERSION = 5.0;
				TARGETED_DEVICE_FAMILY = "1,2";
				TEST_TARGET_NAME = Flixit;
			};
			name = Release;
		};
/* End XCBuildConfiguration section */

/* Begin XCConfigurationList section */
		5A5DB207251ED47800493F48 /* Build configuration list for PBXProject "Flixit" */ = {
			isa = XCConfigurationList;
			buildConfigurations = (
				5A5DB234251ED47A00493F48 /* Debug */,
				5A5DB235251ED47A00493F48 /* Release */,
			);
			defaultConfigurationIsVisible = 0;
			defaultConfigurationName = Release;
		};
		5A5DB236251ED47A00493F48 /* Build configuration list for PBXNativeTarget "Flixit" */ = {
			isa = XCConfigurationList;
			buildConfigurations = (
				5A5DB237251ED47A00493F48 /* Debug */,
				5A5DB238251ED47A00493F48 /* Release */,
			);
			defaultConfigurationIsVisible = 0;
			defaultConfigurationName = Release;
		};
		5A5DB239251ED47A00493F48 /* Build configuration list for PBXNativeTarget "FlixitTests" */ = {
			isa = XCConfigurationList;
			buildConfigurations = (
				5A5DB23A251ED47A00493F48 /* Debug */,
				5A5DB23B251ED47A00493F48 /* Release */,
			);
			defaultConfigurationIsVisible = 0;
			defaultConfigurationName = Release;
		};
		5A5DB23C251ED47A00493F48 /* Build configuration list for PBXNativeTarget "FlixitUITests" */ = {
			isa = XCConfigurationList;
			buildConfigurations = (
				5A5DB23D251ED47A00493F48 /* Debug */,
				5A5DB23E251ED47A00493F48 /* Release */,
			);
			defaultConfigurationIsVisible = 0;
			defaultConfigurationName = Release;
		};
/* End XCConfigurationList section */
	};
	rootObject = 5A5DB204251ED47800493F48 /* Project object */;
}
